
Microsoft Visual Studio Solution File, Format Version 12.00
# Visual Studio 14
VisualStudioVersion = 14.0.23107.0
MinimumVisualStudioVersion = 10.0.40219.1
Project("{FAE04EC0-301F-11D3-BF4B-00C04F79EFBC}") = "ObserverPatternPullVariant", "ObserverPattern\ObserverPatternPullVariant.csproj", "{80D03E57-2467-4001-BCCD-AC8BBA18B738}"
EndProject
Project("{FAE04EC0-301F-11D3-BF4B-00C04F79EFBC}") = "ObserverPatternPushVariant", "ObserverPatternPushVariant\ObserverPatternPushVariant.csproj", "{B1CAF61D-D2F8-4DF7-A201-DE834267E1E7}"
EndProject
Project("{FAE04EC0-301F-11D3-BF4B-00C04F79EFBC}") = "FactoryMethod", "FactoryMethod\FactoryMethod.csproj", "{51ADB4DE-25AB-4C55-8AFE-85B4FE2CF3E1}"
EndProject
Project("{FAE04EC0-301F-11D3-BF4B-00C04F79EFBC}") = "AbstractFactory", "AbstractFactory\AbstractFactory.csproj", "{8C98D619-CC97-4989-8B45-E4D742A2F970}"
EndProject
Project("{FAE04EC0-301F-11D3-BF4B-00C04F79EFBC}") = "GoFState", "GoFState\GoFState.csproj", "{1458C7DB-7092-465D-986E-5BAF0D7EEEEB}"
EndProject
Global
	GlobalSection(SolutionConfigurationPlatforms) = preSolution
		Debug|Any CPU = Debug|Any CPU
		Release|Any CPU = Release|Any CPU
	EndGlobalSection
	GlobalSection(ProjectConfigurationPlatforms) = postSolution
		{80D03E57-2467-4001-BCCD-AC8BBA18B738}.Debug|Any CPU.ActiveCfg = Debug|Any CPU
		{80D03E57-2467-4001-BCCD-AC8BBA18B738}.Debug|Any CPU.Build.0 = Debug|Any CPU
		{80D03E57-2467-4001-BCCD-AC8BBA18B738}.Release|Any CPU.ActiveCfg = Release|Any CPU
		{80D03E57-2467-4001-BCCD-AC8BBA18B738}.Release|Any CPU.Build.0 = Release|Any CPU
		{B1CAF61D-D2F8-4DF7-A201-DE834267E1E7}.Debug|Any CPU.ActiveCfg = Debug|Any CPU
		{B1CAF61D-D2F8-4DF7-A201-DE834267E1E7}.Debug|Any CPU.Build.0 = Debug|Any CPU
		{B1CAF61D-D2F8-4DF7-A201-DE834267E1E7}.Release|Any CPU.ActiveCfg = Release|Any CPU
		{B1CAF61D-D2F8-4DF7-A201-DE834267E1E7}.Release|Any CPU.Build.0 = Release|Any CPU
		{51ADB4DE-25AB-4C55-8AFE-85B4FE2CF3E1}.Debug|Any CPU.ActiveCfg = Debug|Any CPU
		{51ADB4DE-25AB-4C55-8AFE-85B4FE2CF3E1}.Debug|Any CPU.Build.0 = Debug|Any CPU
		{51ADB4DE-25AB-4C55-8AFE-85B4FE2CF3E1}.Release|Any CPU.ActiveCfg = Release|Any CPU
		{51ADB4DE-25AB-4C55-8AFE-85B4FE2CF3E1}.Release|Any CPU.Build.0 = Release|Any CPU
		{8C98D619-CC97-4989-8B45-E4D742A2F970}.Debug|Any CPU.ActiveCfg = Debug|Any CPU
		{8C98D619-CC97-4989-8B45-E4D742A2F970}.Debug|Any CPU.Build.0 = Debug|Any CPU
		{8C98D619-CC97-4989-8B45-E4D742A2F970}.Release|Any CPU.ActiveCfg = Release|Any CPU
		{8C98D619-CC97-4989-8B45-E4D742A2F970}.Release|Any CPU.Build.0 = Release|Any CPU
		{1458C7DB-7092-465D-986E-5BAF0D7EEEEB}.Debug|Any CPU.ActiveCfg = Debug|Any CPU
		{1458C7DB-7092-465D-986E-5BAF0D7EEEEB}.Debug|Any CPU.Build.0 = Debug|Any CPU
		{1458C7DB-7092-465D-986E-5BAF0D7EEEEB}.Release|Any CPU.ActiveCfg = Release|Any CPU
		{1458C7DB-7092-465D-986E-5BAF0D7EEEEB}.Release|Any CPU.Build.0 = Release|Any CPU
	EndGlobalSection
	GlobalSection(SolutionProperties) = preSolution
		HideSolutionNode = FALSE
	EndGlobalSection
EndGlobal
